Microsoft Visual Studio Solution File, Format Version 12.00
# Visual Studio Version 17
VisualStudioVersion = 17.5.2.0
MinimumVisualStudioVersion = 10.0.40219.1
Project("{FAE04EC0-301F-11D3-BF4B-00C04F79EFBC}") = "StudentGradeCalculator", "StudentGradeCalculator.csproj", "{A57F8209-C1AA-EC16-33F8-EE49A5A87EBF}"
EndProject
Project("{FAE04EC0-301F-11D3-BF4B-00C04F79EFBC}") = "GradeApp", "GradeApp\GradeApp.csproj", "{B644C15F-9652-22F7-CEED-FE7C89AE5050}"
EndProject
Global
	GlobalSection(SolutionConfigurationPlatforms) = preSolution
		Debug|Any CPU = Debug|Any CPU
		Release|Any CPU = Release|Any CPU
	EndGlobalSection
	GlobalSection(ProjectConfigurationPlatforms) = postSolution
		{A57F8209-C1AA-EC16-33F8-EE49A5A87EBF}.Debug|Any CPU.ActiveCfg = Debug|Any CPU
		{A57F8209-C1AA-EC16-33F8-EE49A5A87EBF}.Debug|Any CPU.Build.0 = Debug|Any CPU
		{A57F8209-C1AA-EC16-33F8-EE49A5A87EBF}.Release|Any CPU.ActiveCfg = Release|Any CPU
		{A57F8209-C1AA-EC16-33F8-EE49A5A87EBF}.Release|Any CPU.Build.0 = Release|Any CPU
		{B644C15F-9652-22F7-CEED-FE7C89AE5050}.Debug|Any CPU.ActiveCfg = Debug|Any CPU
		{B644C15F-9652-22F7-CEED-FE7C89AE5050}.Debug|Any CPU.Build.0 = Debug|Any CPU
		{B644C15F-9652-22F7-CEED-FE7C89AE5050}.Release|Any CPU.ActiveCfg = Release|Any CPU
		{B644C15F-9652-22F7-CEED-FE7C89AE5050}.Release|Any CPU.Build.0 = Release|Any CPU
	EndGlobalSection
	GlobalSection(SolutionProperties) = preSolution
		HideSolutionNode = FALSE
	EndGlobalSection
	GlobalSection(ExtensibilityGlobals) = postSolution
		SolutionGuid = {99B0EEDC-A2FF-4678-A634-51044F89950A}
	EndGlobalSection
EndGlobal
